
Microsoft Visual Studio Solution File, Format Version 12.00
# Visual Studio Version 17
VisualStudioVersion = 17.7.34031.279
MinimumVisualStudioVersion = 10.0.40219.1
Project("{2150E333-8FDC-42A3-9474-1A3956D46DE8}") = "tests", "tests", "{BFBCA122-F9F1-4A26-BD18-DFBA1A0E69D5}"
EndProject
Project("{2150E333-8FDC-42A3-9474-1A3956D46DE8}") = "src", "src", "{1DCE243A-7652-45C9-8779-621489B87469}"
EndProject
Project("{9A19103F-16F7-4668-BE54-9A1E7A4F7556}") = "Krosoft.Extensions.Data.Json", "src\Krosoft.Extensions.Data.Json\Krosoft.Extensions.Data.Json.csproj", "{F12A8CA8-1513-4DC9-BAE5-6E49C0C1CE19}"
EndProject
Project("{9A19103F-16F7-4668-BE54-9A1E7A4F7556}") = "Krosoft.Extensions.Data.Json.Tests", "tests\Krosoft.Extensions.Data.Json.Tests\Krosoft.Extensions.Data.Json.Tests.csproj", "{62B62632-05AD-4B73-916F-801C3E02A412}"
EndProject
Project("{9A19103F-16F7-4668-BE54-9A1E7A4F7556}") = "Krosoft.Extensions.Data.Abstractions.Tests", "tests\Krosoft.Extensions.Data.Abstractions.Tests\Krosoft.Extensions.Data.Abstractions.Tests.csproj", "{FAEBB3E0-108B-41E7-B463-4F7F5FB7E27B}"
EndProject
Project("{9A19103F-16F7-4668-BE54-9A1E7A4F7556}") = "Krosoft.Extensions.Data.Abstractions", "src\Krosoft.Extensions.Data.Abstractions\Krosoft.Extensions.Data.Abstractions.csproj", "{2D1FCBE2-D1EB-4D6B-88D3-35436F9BD042}"
EndProject
Project("{9A19103F-16F7-4668-BE54-9A1E7A4F7556}") = "Krosoft.Extensions.Data.EntityFramework", "src\Krosoft.Extensions.Data.EntityFramework\Krosoft.Extensions.Data.EntityFramework.csproj", "{EFF2520A-FAA8-42C0-9E0A-660D992CDC9D}"
EndProject
Project("{9A19103F-16F7-4668-BE54-9A1E7A4F7556}") = "Krosoft.Extensions.Data.EntityFramework.InMemory", "src\Krosoft.Extensions.Data.EntityFramework.InMemory\Krosoft.Extensions.Data.EntityFramework.InMemory.csproj", "{D4DC410E-2C31-4826-A26A-C448D2D1FD0F}"
EndProject
Project("{9A19103F-16F7-4668-BE54-9A1E7A4F7556}") = "Krosoft.Extensions.Data.EntityFramework.InMemory.Tests", "tests\Krosoft.Extensions.Data.EntityFramework.InMemory.Tests\Krosoft.Extensions.Data.EntityFramework.InMemory.Tests.csproj", "{453608D6-3EF8-40A4-9624-B1ABF7859CA5}"
EndProject
Project("{9A19103F-16F7-4668-BE54-9A1E7A4F7556}") = "Krosoft.Extensions.Data.EntityFramework.Tests", "tests\Krosoft.Extensions.Data.EntityFramework.Tests\Krosoft.Extensions.Data.EntityFramework.Tests.csproj", "{EB45A204-0A5B-435C-8FAD-1D1E1AAD340F}"
EndProject
Project("{9A19103F-16F7-4668-BE54-9A1E7A4F7556}") = "Krosoft.Extensions.Data.EntityFramework.Sqlite", "src\Krosoft.Extensions.Data.EntityFramework.Sqlite\Krosoft.Extensions.Data.EntityFramework.Sqlite.csproj", "{8CB44AFE-E718-4E85-85E0-4034897221BD}"
EndProject
Project("{9A19103F-16F7-4668-BE54-9A1E7A4F7556}") = "Krosoft.Extensions.Data.EntityFramework.PostgreSql", "src\Krosoft.Extensions.Data.EntityFramework.PostgreSql\Krosoft.Extensions.Data.EntityFramework.PostgreSql.csproj", "{E50F5D12-0F4B-4A41-9C11-521E4F711A39}"
EndProject
Project("{9A19103F-16F7-4668-BE54-9A1E7A4F7556}") = "Krosoft.Extensions.Data.EntityFramework.SqlServer", "src\Krosoft.Extensions.Data.EntityFramework.SqlServer\Krosoft.Extensions.Data.EntityFramework.SqlServer.csproj", "{5E635543-AB8C-4C15-BDA6-D423BE545EBE}"
EndProject
Project("{FAE04EC0-301F-11D3-BF4B-00C04F79EFBC}") = "Krosoft.Extensions.Samples.Library", "samples\Krosoft.Extensions.Samples.Library\Krosoft.Extensions.Samples.Library.csproj", "{B83CD851-7EAB-8C00-DFE5-F66496C2CF4D}"
EndProject
Project("{2150E333-8FDC-42A3-9474-1A3956D46DE8}") = "samples", "samples", "{02EA681E-C7D8-13C7-8484-4AC65E1B71E8}"
EndProject
Project("{FAE04EC0-301F-11D3-BF4B-00C04F79EFBC}") = "Krosoft.Extensions.Samples.DotNet9.Api", "samples\Krosoft.Extensions.Samples.DotNet9.Api\Krosoft.Extensions.Samples.DotNet9.Api.csproj", "{1A0ACD2C-B723-EFB4-460D-56A46152AB28}"
EndProject
Global
	GlobalSection(SolutionConfigurationPlatforms) = preSolution
		Debug|Any CPU = Debug|Any CPU
		Debug|ARM = Debug|ARM
		Debug|x64 = Debug|x64
		Debug|x86 = Debug|x86
		Release|Any CPU = Release|Any CPU
		Release|ARM = Release|ARM
		Release|x64 = Release|x64
		Release|x86 = Release|x86
	EndGlobalSection
	GlobalSection(ProjectConfigurationPlatforms) = postSolution
		{F12A8CA8-1513-4DC9-BAE5-6E49C0C1CE19}.Debug|Any CPU.ActiveCfg = Debug|Any CPU
		{F12A8CA8-1513-4DC9-BAE5-6E49C0C1CE19}.Debug|Any CPU.Build.0 = Debug|Any CPU
		{F12A8CA8-1513-4DC9-BAE5-6E49C0C1CE19}.Debug|ARM.ActiveCfg = Debug|Any CPU
		{F12A8CA8-1513-4DC9-BAE5-6E49C0C1CE19}.Debug|ARM.Build.0 = Debug|Any CPU
		{F12A8CA8-1513-4DC9-BAE5-6E49C0C1CE19}.Debug|x64.ActiveCfg = Debug|Any CPU
		{F12A8CA8-1513-4DC9-BAE5-6E49C0C1CE19}.Debug|x64.Build.0 = Debug|Any CPU
		{F12A8CA8-1513-4DC9-BAE5-6E49C0C1CE19}.Debug|x86.ActiveCfg = Debug|Any CPU
		{F12A8CA8-1513-4DC9-BAE5-6E49C0C1CE19}.Debug|x86.Build.0 = Debug|Any CPU
		{F12A8CA8-1513-4DC9-BAE5-6E49C0C1CE19}.Release|Any CPU.ActiveCfg = Release|Any CPU
		{F12A8CA8-1513-4DC9-BAE5-6E49C0C1CE19}.Release|Any CPU.Build.0 = Release|Any CPU
		{F12A8CA8-1513-4DC9-BAE5-6E49C0C1CE19}.Release|ARM.ActiveCfg = Release|Any CPU
		{F12A8CA8-1513-4DC9-BAE5-6E49C0C1CE19}.Release|ARM.Build.0 = Release|Any CPU
		{F12A8CA8-1513-4DC9-BAE5-6E49C0C1CE19}.Release|x64.ActiveCfg = Release|Any CPU
		{F12A8CA8-1513-4DC9-BAE5-6E49C0C1CE19}.Release|x64.Build.0 = Release|Any CPU
		{F12A8CA8-1513-4DC9-BAE5-6E49C0C1CE19}.Release|x86.ActiveCfg = Release|Any CPU
		{F12A8CA8-1513-4DC9-BAE5-6E49C0C1CE19}.Release|x86.Build.0 = Release|Any CPU
		{62B62632-05AD-4B73-916F-801C3E02A412}.Debug|Any CPU.ActiveCfg = Debug|Any CPU
		{62B62632-05AD-4B73-916F-801C3E02A412}.Debug|Any CPU.Build.0 = Debug|Any CPU
		{62B62632-05AD-4B73-916F-801C3E02A412}.Debug|ARM.ActiveCfg = Debug|Any CPU
		{62B62632-05AD-4B73-916F-801C3E02A412}.Debug|ARM.Build.0 = Debug|Any CPU
		{62B62632-05AD-4B73-916F-801C3E02A412}.Debug|x64.ActiveCfg = Debug|Any CPU
		{62B62632-05AD-4B73-916F-801C3E02A412}.Debug|x64.Build.0 = Debug|Any CPU
		{62B62632-05AD-4B73-916F-801C3E02A412}.Debug|x86.ActiveCfg = Debug|Any CPU
		{62B62632-05AD-4B73-916F-801C3E02A412}.Debug|x86.Build.0 = Debug|Any CPU
		{62B62632-05AD-4B73-916F-801C3E02A412}.Release|Any CPU.ActiveCfg = Release|Any CPU
		{62B62632-05AD-4B73-916F-801C3E02A412}.Release|Any CPU.Build.0 = Release|Any CPU
		{62B62632-05AD-4B73-916F-801C3E02A412}.Release|ARM.ActiveCfg = Release|Any CPU
		{62B62632-05AD-4B73-916F-801C3E02A412}.Release|ARM.Build.0 = Release|Any CPU
		{62B62632-05AD-4B73-916F-801C3E02A412}.Release|x64.ActiveCfg = Release|Any CPU
		{62B62632-05AD-4B73-916F-801C3E02A412}.Release|x64.Build.0 = Release|Any CPU
		{62B62632-05AD-4B73-916F-801C3E02A412}.Release|x86.ActiveCfg = Release|Any CPU
		{62B62632-05AD-4B73-916F-801C3E02A412}.Release|x86.Build.0 = Release|Any CPU
		{FAEBB3E0-108B-41E7-B463-4F7F5FB7E27B}.Debug|Any CPU.ActiveCfg = Debug|Any CPU
		{FAEBB3E0-108B-41E7-B463-4F7F5FB7E27B}.Debug|Any CPU.Build.0 = Debug|Any CPU
		{FAEBB3E0-108B-41E7-B463-4F7F5FB7E27B}.Debug|ARM.ActiveCfg = Debug|Any CPU
		{FAEBB3E0-108B-41E7-B463-4F7F5FB7E27B}.Debug|ARM.Build.0 = Debug|Any CPU
		{FAEBB3E0-108B-41E7-B463-4F7F5FB7E27B}.Debug|x64.ActiveCfg = Debug|Any CPU
		{FAEBB3E0-108B-41E7-B463-4F7F5FB7E27B}.Debug|x64.Build.0 = Debug|Any CPU
		{FAEBB3E0-108B-41E7-B463-4F7F5FB7E27B}.Debug|x86.ActiveCfg = Debug|Any CPU
		{FAEBB3E0-108B-41E7-B463-4F7F5FB7E27B}.Debug|x86.Build.0 = Debug|Any CPU
		{FAEBB3E0-108B-41E7-B463-4F7F5FB7E27B}.Release|Any CPU.ActiveCfg = Release|Any CPU
		{FAEBB3E0-108B-41E7-B463-4F7F5FB7E27B}.Release|Any CPU.Build.0 = Release|Any CPU
		{FAEBB3E0-108B-41E7-B463-4F7F5FB7E27B}.Release|ARM.ActiveCfg = Release|Any CPU
		{FAEBB3E0-108B-41E7-B463-4F7F5FB7E27B}.Release|ARM.Build.0 = Release|Any CPU
		{FAEBB3E0-108B-41E7-B463-4F7F5FB7E27B}.Release|x64.ActiveCfg = Release|Any CPU
		{FAEBB3E0-108B-41E7-B463-4F7F5FB7E27B}.Release|x64.Build.0 = Release|Any CPU
		{FAEBB3E0-108B-41E7-B463-4F7F5FB7E27B}.Release|x86.ActiveCfg = Release|Any CPU
		{FAEBB3E0-108B-41E7-B463-4F7F5FB7E27B}.Release|x86.Build.0 = Release|Any CPU
		{2D1FCBE2-D1EB-4D6B-88D3-35436F9BD042}.Debug|Any CPU.ActiveCfg = Debug|Any CPU
		{2D1FCBE2-D1EB-4D6B-88D3-35436F9BD042}.Debug|Any CPU.Build.0 = Debug|Any CPU
		{2D1FCBE2-D1EB-4D6B-88D3-35436F9BD042}.Debug|ARM.ActiveCfg = Debug|Any CPU
		{2D1FCBE2-D1EB-4D6B-88D3-35436F9BD042}.Debug|ARM.Build.0 = Debug|Any CPU
		{2D1FCBE2-D1EB-4D6B-88D3-35436F9BD042}.Debug|x64.ActiveCfg = Debug|Any CPU
		{2D1FCBE2-D1EB-4D6B-88D3-35436F9BD042}.Debug|x64.Build.0 = Debug|Any CPU
		{2D1FCBE2-D1EB-4D6B-88D3-35436F9BD042}.Debug|x86.ActiveCfg = Debug|Any CPU
		{2D1FCBE2-D1EB-4D6B-88D3-35436F9BD042}.Debug|x86.Build.0 = Debug|Any CPU
		{2D1FCBE2-D1EB-4D6B-88D3-35436F9BD042}.Release|Any CPU.ActiveCfg = Release|Any CPU
		{2D1FCBE2-D1EB-4D6B-88D3-35436F9BD042}.Release|Any CPU.Build.0 = Release|Any CPU
		{2D1FCBE2-D1EB-4D6B-88D3-35436F9BD042}.Release|ARM.ActiveCfg = Release|Any CPU
		{2D1FCBE2-D1EB-4D6B-88D3-35436F9BD042}.Release|ARM.Build.0 = Release|Any CPU
		{2D1FCBE2-D1EB-4D6B-88D3-35436F9BD042}.Release|x64.ActiveCfg = Release|Any CPU
		{2D1FCBE2-D1EB-4D6B-88D3-35436F9BD042}.Release|x64.Build.0 = Release|Any CPU
		{2D1FCBE2-D1EB-4D6B-88D3-35436F9BD042}.Release|x86.ActiveCfg = Release|Any CPU
		{2D1FCBE2-D1EB-4D6B-88D3-35436F9BD042}.Release|x86.Build.0 = Release|Any CPU
		{EFF2520A-FAA8-42C0-9E0A-660D992CDC9D}.Debug|Any CPU.ActiveCfg = Debug|Any CPU
		{EFF2520A-FAA8-42C0-9E0A-660D992CDC9D}.Debug|Any CPU.Build.0 = Debug|Any CPU
		{EFF2520A-FAA8-42C0-9E0A-660D992CDC9D}.Debug|ARM.ActiveCfg = Debug|Any CPU
		{EFF2520A-FAA8-42C0-9E0A-660D992CDC9D}.Debug|ARM.Build.0 = Debug|Any CPU
		{EFF2520A-FAA8-42C0-9E0A-660D992CDC9D}.Debug|x64.ActiveCfg = Debug|Any CPU
		{EFF2520A-FAA8-42C0-9E0A-660D992CDC9D}.Debug|x64.Build.0 = Debug|Any CPU
		{EFF2520A-FAA8-42C0-9E0A-660D992CDC9D}.Debug|x86.ActiveCfg = Debug|Any CPU
		{EFF2520A-FAA8-42C0-9E0A-660D992CDC9D}.Debug|x86.Build.0 = Debug|Any CPU
		{EFF2520A-FAA8-42C0-9E0A-660D992CDC9D}.Release|Any CPU.ActiveCfg = Release|Any CPU
		{EFF2520A-FAA8-42C0-9E0A-660D992CDC9D}.Release|Any CPU.Build.0 = Release|Any CPU
		{EFF2520A-FAA8-42C0-9E0A-660D992CDC9D}.Release|ARM.ActiveCfg = Release|Any CPU
		{EFF2520A-FAA8-42C0-9E0A-660D992CDC9D}.Release|ARM.Build.0 = Release|Any CPU
		{EFF2520A-FAA8-42C0-9E0A-660D992CDC9D}.Release|x64.ActiveCfg = Release|Any CPU
		{EFF2520A-FAA8-42C0-9E0A-660D992CDC9D}.Release|x64.Build.0 = Release|Any CPU
		{EFF2520A-FAA8-42C0-9E0A-660D992CDC9D}.Release|x86.ActiveCfg = Release|Any CPU
		{EFF2520A-FAA8-42C0-9E0A-660D992CDC9D}.Release|x86.Build.0 = Release|Any CPU
		{D4DC410E-2C31-4826-A26A-C448D2D1FD0F}.Debug|Any CPU.ActiveCfg = Debug|Any CPU
		{D4DC410E-2C31-4826-A26A-C448D2D1FD0F}.Debug|Any CPU.Build.0 = Debug|Any CPU
		{D4DC410E-2C31-4826-A26A-C448D2D1FD0F}.Debug|ARM.ActiveCfg = Debug|Any CPU
		{D4DC410E-2C31-4826-A26A-C448D2D1FD0F}.Debug|ARM.Build.0 = Debug|Any CPU
		{D4DC410E-2C31-4826-A26A-C448D2D1FD0F}.Debug|x64.ActiveCfg = Debug|Any CPU
		{D4DC410E-2C31-4826-A26A-C448D2D1FD0F}.Debug|x64.Build.0 = Debug|Any CPU
		{D4DC410E-2C31-4826-A26A-C448D2D1FD0F}.Debug|x86.ActiveCfg = Debug|Any CPU
		{D4DC410E-2C31-4826-A26A-C448D2D1FD0F}.Debug|x86.Build.0 = Debug|Any CPU
		{D4DC410E-2C31-4826-A26A-C448D2D1FD0F}.Release|Any CPU.ActiveCfg = Release|Any CPU
		{D4DC410E-2C31-4826-A26A-C448D2D1FD0F}.Release|Any CPU.Build.0 = Release|Any CPU
		{D4DC410E-2C31-4826-A26A-C448D2D1FD0F}.Release|ARM.ActiveCfg = Release|Any CPU
		{D4DC410E-2C31-4826-A26A-C448D2D1FD0F}.Release|ARM.Build.0 = Release|Any CPU
		{D4DC410E-2C31-4826-A26A-C448D2D1FD0F}.Release|x64.ActiveCfg = Release|Any CPU
		{D4DC410E-2C31-4826-A26A-C448D2D1FD0F}.Release|x64.Build.0 = Release|Any CPU
		{D4DC410E-2C31-4826-A26A-C448D2D1FD0F}.Release|x86.ActiveCfg = Release|Any CPU
		{D4DC410E-2C31-4826-A26A-C448D2D1FD0F}.Release|x86.Build.0 = Release|Any CPU
		{453608D6-3EF8-40A4-9624-B1ABF7859CA5}.Debug|Any CPU.ActiveCfg = Debug|Any CPU
		{453608D6-3EF8-40A4-9624-B1ABF7859CA5}.Debug|Any CPU.Build.0 = Debug|Any CPU
		{453608D6-3EF8-40A4-9624-B1ABF7859CA5}.Debug|ARM.ActiveCfg = Debug|Any CPU
		{453608D6-3EF8-40A4-9624-B1ABF7859CA5}.Debug|ARM.Build.0 = Debug|Any CPU
		{453608D6-3EF8-40A4-9624-B1ABF7859CA5}.Debug|x64.ActiveCfg = Debug|Any CPU
		{453608D6-3EF8-40A4-9624-B1ABF7859CA5}.Debug|x64.Build.0 = Debug|Any CPU
		{453608D6-3EF8-40A4-9624-B1ABF7859CA5}.Debug|x86.ActiveCfg = Debug|Any CPU
		{453608D6-3EF8-40A4-9624-B1ABF7859CA5}.Debug|x86.Build.0 = Debug|Any CPU
		{453608D6-3EF8-40A4-9624-B1ABF7859CA5}.Release|Any CPU.ActiveCfg = Release|Any CPU
		{453608D6-3EF8-40A4-9624-B1ABF7859CA5}.Release|Any CPU.Build.0 = Release|Any CPU
		{453608D6-3EF8-40A4-9624-B1ABF7859CA5}.Release|ARM.ActiveCfg = Release|Any CPU
		{453608D6-3EF8-40A4-9624-B1ABF7859CA5}.Release|ARM.Build.0 = Release|Any CPU
		{453608D6-3EF8-40A4-9624-B1ABF7859CA5}.Release|x64.ActiveCfg = Release|Any CPU
		{453608D6-3EF8-40A4-9624-B1ABF7859CA5}.Release|x64.Build.0 = Release|Any CPU
		{453608D6-3EF8-40A4-9624-B1ABF7859CA5}.Release|x86.ActiveCfg = Release|Any CPU
		{453608D6-3EF8-40A4-9624-B1ABF7859CA5}.Release|x86.Build.0 = Release|Any CPU
		{EB45A204-0A5B-435C-8FAD-1D1E1AAD340F}.Debug|Any CPU.ActiveCfg = Debug|Any CPU
		{EB45A204-0A5B-435C-8FAD-1D1E1AAD340F}.Debug|Any CPU.Build.0 = Debug|Any CPU
		{EB45A204-0A5B-435C-8FAD-1D1E1AAD340F}.Debug|ARM.ActiveCfg = Debug|Any CPU
		{EB45A204-0A5B-435C-8FAD-1D1E1AAD340F}.Debug|ARM.Build.0 = Debug|Any CPU
		{EB45A204-0A5B-435C-8FAD-1D1E1AAD340F}.Debug|x64.ActiveCfg = Debug|Any CPU
		{EB45A204-0A5B-435C-8FAD-1D1E1AAD340F}.Debug|x64.Build.0 = Debug|Any CPU
		{EB45A204-0A5B-435C-8FAD-1D1E1AAD340F}.Debug|x86.ActiveCfg = Debug|Any CPU
		{EB45A204-0A5B-435C-8FAD-1D1E1AAD340F}.Debug|x86.Build.0 = Debug|Any CPU
		{EB45A204-0A5B-435C-8FAD-1D1E1AAD340F}.Release|Any CPU.ActiveCfg = Release|Any CPU
		{EB45A204-0A5B-435C-8FAD-1D1E1AAD340F}.Release|Any CPU.Build.0 = Release|Any CPU
		{EB45A204-0A5B-435C-8FAD-1D1E1AAD340F}.Release|ARM.ActiveCfg = Release|Any CPU
		{EB45A204-0A5B-435C-8FAD-1D1E1AAD340F}.Release|ARM.Build.0 = Release|Any CPU
		{EB45A204-0A5B-435C-8FAD-1D1E1AAD340F}.Release|x64.ActiveCfg = Release|Any CPU
		{EB45A204-0A5B-435C-8FAD-1D1E1AAD340F}.Release|x64.Build.0 = Release|Any CPU
		{EB45A204-0A5B-435C-8FAD-1D1E1AAD340F}.Release|x86.ActiveCfg = Release|Any CPU
		{EB45A204-0A5B-435C-8FAD-1D1E1AAD340F}.Release|x86.Build.0 = Release|Any CPU
		{8CB44AFE-E718-4E85-85E0-4034897221BD}.Debug|Any CPU.ActiveCfg = Debug|Any CPU
		{8CB44AFE-E718-4E85-85E0-4034897221BD}.Debug|Any CPU.Build.0 = Debug|Any CPU
		{8CB44AFE-E718-4E85-85E0-4034897221BD}.Debug|ARM.ActiveCfg = Debug|Any CPU
		{8CB44AFE-E718-4E85-85E0-4034897221BD}.Debug|ARM.Build.0 = Debug|Any CPU
		{8CB44AFE-E718-4E85-85E0-4034897221BD}.Debug|x64.ActiveCfg = Debug|Any CPU
		{8CB44AFE-E718-4E85-85E0-4034897221BD}.Debug|x64.Build.0 = Debug|Any CPU
		{8CB44AFE-E718-4E85-85E0-4034897221BD}.Debug|x86.ActiveCfg = Debug|Any CPU
		{8CB44AFE-E718-4E85-85E0-4034897221BD}.Debug|x86.Build.0 = Debug|Any CPU
		{8CB44AFE-E718-4E85-85E0-4034897221BD}.Release|Any CPU.ActiveCfg = Release|Any CPU
		{8CB44AFE-E718-4E85-85E0-4034897221BD}.Release|Any CPU.Build.0 = Release|Any CPU
		{8CB44AFE-E718-4E85-85E0-4034897221BD}.Release|ARM.ActiveCfg = Release|Any CPU
		{8CB44AFE-E718-4E85-85E0-4034897221BD}.Release|ARM.Build.0 = Release|Any CPU
		{8CB44AFE-E718-4E85-85E0-4034897221BD}.Release|x64.ActiveCfg = Release|Any CPU
		{8CB44AFE-E718-4E85-85E0-4034897221BD}.Release|x64.Build.0 = Release|Any CPU
		{8CB44AFE-E718-4E85-85E0-4034897221BD}.Release|x86.ActiveCfg = Release|Any CPU
		{8CB44AFE-E718-4E85-85E0-4034897221BD}.Release|x86.Build.0 = Release|Any CPU
		{E50F5D12-0F4B-4A41-9C11-521E4F711A39}.Debug|Any CPU.ActiveCfg = Debug|Any CPU
		{E50F5D12-0F4B-4A41-9C11-521E4F711A39}.Debug|Any CPU.Build.0 = Debug|Any CPU
		{E50F5D12-0F4B-4A41-9C11-521E4F711A39}.Debug|ARM.ActiveCfg = Debug|Any CPU
		{E50F5D12-0F4B-4A41-9C11-521E4F711A39}.Debug|ARM.Build.0 = Debug|Any CPU
		{E50F5D12-0F4B-4A41-9C11-521E4F711A39}.Debug|x64.ActiveCfg = Debug|Any CPU
		{E50F5D12-0F4B-4A41-9C11-521E4F711A39}.Debug|x64.Build.0 = Debug|Any CPU
		{E50F5D12-0F4B-4A41-9C11-521E4F711A39}.Debug|x86.ActiveCfg = Debug|Any CPU
		{E50F5D12-0F4B-4A41-9C11-521E4F711A39}.Debug|x86.Build.0 = Debug|Any CPU
		{E50F5D12-0F4B-4A41-9C11-521E4F711A39}.Release|Any CPU.ActiveCfg = Release|Any CPU
		{E50F5D12-0F4B-4A41-9C11-521E4F711A39}.Release|Any CPU.Build.0 = Release|Any CPU
		{E50F5D12-0F4B-4A41-9C11-521E4F711A39}.Release|ARM.ActiveCfg = Release|Any CPU
		{E50F5D12-0F4B-4A41-9C11-521E4F711A39}.Release|ARM.Build.0 = Release|Any CPU
		{E50F5D12-0F4B-4A41-9C11-521E4F711A39}.Release|x64.ActiveCfg = Release|Any CPU
		{E50F5D12-0F4B-4A41-9C11-521E4F711A39}.Release|x64.Build.0 = Release|Any CPU
		{E50F5D12-0F4B-4A41-9C11-521E4F711A39}.Release|x86.ActiveCfg = Release|Any CPU
		{E50F5D12-0F4B-4A41-9C11-521E4F711A39}.Release|x86.Build.0 = Release|Any CPU
		{5E635543-AB8C-4C15-BDA6-D423BE545EBE}.Debug|Any CPU.ActiveCfg = Debug|Any CPU
		{5E635543-AB8C-4C15-BDA6-D423BE545EBE}.Debug|Any CPU.Build.0 = Debug|Any CPU
		{5E635543-AB8C-4C15-BDA6-D423BE545EBE}.Debug|ARM.ActiveCfg = Debug|Any CPU
		{5E635543-AB8C-4C15-BDA6-D423BE545EBE}.Debug|ARM.Build.0 = Debug|Any CPU
		{5E635543-AB8C-4C15-BDA6-D423BE545EBE}.Debug|x64.ActiveCfg = Debug|Any CPU
		{5E635543-AB8C-4C15-BDA6-D423BE545EBE}.Debug|x64.Build.0 = Debug|Any CPU
		{5E635543-AB8C-4C15-BDA6-D423BE545EBE}.Debug|x86.ActiveCfg = Debug|Any CPU
		{5E635543-AB8C-4C15-BDA6-D423BE545EBE}.Debug|x86.Build.0 = Debug|Any CPU
		{5E635543-AB8C-4C15-BDA6-D423BE545EBE}.Release|Any CPU.ActiveCfg = Release|Any CPU
		{5E635543-AB8C-4C15-BDA6-D423BE545EBE}.Release|Any CPU.Build.0 = Release|Any CPU
		{5E635543-AB8C-4C15-BDA6-D423BE545EBE}.Release|ARM.ActiveCfg = Release|Any CPU
		{5E635543-AB8C-4C15-BDA6-D423BE545EBE}.Release|ARM.Build.0 = Release|Any CPU
		{5E635543-AB8C-4C15-BDA6-D423BE545EBE}.Release|x64.ActiveCfg = Release|Any CPU
		{5E635543-AB8C-4C15-BDA6-D423BE545EBE}.Release|x64.Build.0 = Release|Any CPU
		{5E635543-AB8C-4C15-BDA6-D423BE545EBE}.Release|x86.ActiveCfg = Release|Any CPU
		{5E635543-AB8C-4C15-BDA6-D423BE545EBE}.Release|x86.Build.0 = Release|Any CPU
		{B83CD851-7EAB-8C00-DFE5-F66496C2CF4D}.Debug|Any CPU.ActiveCfg = Debug|Any CPU
		{B83CD851-7EAB-8C00-DFE5-F66496C2CF4D}.Debug|Any CPU.Build.0 = Debug|Any CPU
		{B83CD851-7EAB-8C00-DFE5-F66496C2CF4D}.Debug|ARM.ActiveCfg = Debug|Any CPU
		{B83CD851-7EAB-8C00-DFE5-F66496C2CF4D}.Debug|ARM.Build.0 = Debug|Any CPU
		{B83CD851-7EAB-8C00-DFE5-F66496C2CF4D}.Debug|x64.ActiveCfg = Debug|Any CPU
		{B83CD851-7EAB-8C00-DFE5-F66496C2CF4D}.Debug|x64.Build.0 = Debug|Any CPU
		{B83CD851-7EAB-8C00-DFE5-F66496C2CF4D}.Debug|x86.ActiveCfg = Debug|Any CPU
		{B83CD851-7EAB-8C00-DFE5-F66496C2CF4D}.Debug|x86.Build.0 = Debug|Any CPU
		{B83CD851-7EAB-8C00-DFE5-F66496C2CF4D}.Release|Any CPU.ActiveCfg = Release|Any CPU
		{B83CD851-7EAB-8C00-DFE5-F66496C2CF4D}.Release|Any CPU.Build.0 = Release|Any CPU
		{B83CD851-7EAB-8C00-DFE5-F66496C2CF4D}.Release|ARM.ActiveCfg = Release|Any CPU
		{B83CD851-7EAB-8C00-DFE5-F66496C2CF4D}.Release|ARM.Build.0 = Release|Any CPU
		{B83CD851-7EAB-8C00-DFE5-F66496C2CF4D}.Release|x64.ActiveCfg = Release|Any CPU
		{B83CD851-7EAB-8C00-DFE5-F66496C2CF4D}.Release|x64.Build.0 = Release|Any CPU
		{B83CD851-7EAB-8C00-DFE5-F66496C2CF4D}.Release|x86.ActiveCfg = Release|Any CPU
		{B83CD851-7EAB-8C00-DFE5-F66496C2CF4D}.Release|x86.Build.0 = Release|Any CPU
		{1A0ACD2C-B723-EFB4-460D-56A46152AB28}.Debug|Any CPU.ActiveCfg = Debug|Any CPU
		{1A0ACD2C-B723-EFB4-460D-56A46152AB28}.Debug|Any CPU.Build.0 = Debug|Any CPU
		{1A0ACD2C-B723-EFB4-460D-56A46152AB28}.Debug|ARM.ActiveCfg = Debug|Any CPU
		{1A0ACD2C-B723-EFB4-460D-56A46152AB28}.Debug|ARM.Build.0 = Debug|Any CPU
		{1A0ACD2C-B723-EFB4-460D-56A46152AB28}.Debug|x64.ActiveCfg = Debug|Any CPU
		{1A0ACD2C-B723-EFB4-460D-56A46152AB28}.Debug|x64.Build.0 = Debug|Any CPU
		{1A0ACD2C-B723-EFB4-460D-56A46152AB28}.Debug|x86.ActiveCfg = Debug|Any CPU
		{1A0ACD2C-B723-EFB4-460D-56A46152AB28}.Debug|x86.Build.0 = Debug|Any CPU
		{1A0ACD2C-B723-EFB4-460D-56A46152AB28}.Release|Any CPU.ActiveCfg = Release|Any CPU
		{1A0ACD2C-B723-EFB4-460D-56A46152AB28}.Release|Any CPU.Build.0 = Release|Any CPU
		{1A0ACD2C-B723-EFB4-460D-56A46152AB28}.Release|ARM.ActiveCfg = Release|Any CPU
		{1A0ACD2C-B723-EFB4-460D-56A46152AB28}.Release|ARM.Build.0 = Release|Any CPU
		{1A0ACD2C-B723-EFB4-460D-56A46152AB28}.Release|x64.ActiveCfg = Release|Any CPU
		{1A0ACD2C-B723-EFB4-460D-56A46152AB28}.Release|x64.Build.0 = Release|Any CPU
		{1A0ACD2C-B723-EFB4-460D-56A46152AB28}.Release|x86.ActiveCfg = Release|Any CPU
		{1A0ACD2C-B723-EFB4-460D-56A46152AB28}.Release|x86.Build.0 = Release|Any CPU
	EndGlobalSection
	GlobalSection(SolutionProperties) = preSolution
		HideSolutionNode = FALSE
	EndGlobalSection
	GlobalSection(NestedProjects) = preSolution
		{F12A8CA8-1513-4DC9-BAE5-6E49C0C1CE19} = {1DCE243A-7652-45C9-8779-621489B87469}
		{62B62632-05AD-4B73-916F-801C3E02A412} = {BFBCA122-F9F1-4A26-BD18-DFBA1A0E69D5}
		{FAEBB3E0-108B-41E7-B463-4F7F5FB7E27B} = {BFBCA122-F9F1-4A26-BD18-DFBA1A0E69D5}
		{2D1FCBE2-D1EB-4D6B-88D3-35436F9BD042} = {1DCE243A-7652-45C9-8779-621489B87469}
		{EFF2520A-FAA8-42C0-9E0A-660D992CDC9D} = {1DCE243A-7652-45C9-8779-621489B87469}
		{D4DC410E-2C31-4826-A26A-C448D2D1FD0F} = {1DCE243A-7652-45C9-8779-621489B87469}
		{453608D6-3EF8-40A4-9624-B1ABF7859CA5} = {BFBCA122-F9F1-4A26-BD18-DFBA1A0E69D5}
		{EB45A204-0A5B-435C-8FAD-1D1E1AAD340F} = {BFBCA122-F9F1-4A26-BD18-DFBA1A0E69D5}
		{8CB44AFE-E718-4E85-85E0-4034897221BD} = {1DCE243A-7652-45C9-8779-621489B87469}
		{E50F5D12-0F4B-4A41-9C11-521E4F711A39} = {1DCE243A-7652-45C9-8779-621489B87469}
		{5E635543-AB8C-4C15-BDA6-D423BE545EBE} = {1DCE243A-7652-45C9-8779-621489B87469}
		{B83CD851-7EAB-8C00-DFE5-F66496C2CF4D} = {02EA681E-C7D8-13C7-8484-4AC65E1B71E8}
		{1A0ACD2C-B723-EFB4-460D-56A46152AB28} = {02EA681E-C7D8-13C7-8484-4AC65E1B71E8}
	EndGlobalSection
	GlobalSection(ExtensibilityGlobals) = postSolution
		SolutionGuid = {7FD07ECB-B4B5-4D65-8E03-10F0C97C77A9}
	EndGlobalSection
EndGlobal
